
Microsoft Visual Studio Solution File, Format Version 12.00
# Visual Studio Version 18
VisualStudioVersion = 18.6.11822.322
MinimumVisualStudioVersion = 10.0.40219.1
Project("{9A19103F-16F7-4668-BE54-9A1E7A4F7556}") = "Core", "Core\Core.csproj", "{36AB1E36-6B81-48E2-8402-41E168CB53BD}"
EndProject
Project("{9A19103F-16F7-4668-BE54-9A1E7A4F7556}") = "Domain.Services", "Domain.Services\Domain.Services.csproj", "{C8651344-6B7F-46D1-9447-F2CFF96A4FAB}"
EndProject
Project("{9A19103F-16F7-4668-BE54-9A1E7A4F7556}") = "Mediators", "Mediators\Mediators.csproj", "{44345C7E-A631-4FF2-8B9E-FA5B237A19BF}"
EndProject
Project("{9A19103F-16F7-4668-BE54-9A1E7A4F7556}") = "Contracts", "Contracts\Contracts.csproj", "{0DBA04F9-D0D2-438E-8935-3AA118286A39}"
EndProject
Project("{9A19103F-16F7-4668-BE54-9A1E7A4F7556}") = "WebApi", "WebApi\WebApi.csproj", "{DF2E3035-471D-4C2C-8761-44829474E275}"
EndProject
Project("{FAE04EC0-301F-11D3-BF4B-00C04F79EFBC}") = "GoogleGenAI", "Google.GenAI\GoogleGenAI.csproj", "{C0840275-4476-46F5-A41B-A02B124B9526}"
EndProject
Global
	GlobalSection(SolutionConfigurationPlatforms) = preSolution
		Debug|Any CPU = Debug|Any CPU
		Release|Any CPU = Release|Any CPU
	EndGlobalSection
	GlobalSection(ProjectConfigurationPlatforms) = postSolution
		{36AB1E36-6B81-48E2-8402-41E168CB53BD}.Debug|Any CPU.ActiveCfg = Debug|Any CPU
		{36AB1E36-6B81-48E2-8402-41E168CB53BD}.Debug|Any CPU.Build.0 = Debug|Any CPU
		{36AB1E36-6B81-48E2-8402-41E168CB53BD}.Release|Any CPU.ActiveCfg = Release|Any CPU
		{36AB1E36-6B81-48E2-8402-41E168CB53BD}.Release|Any CPU.Build.0 = Release|Any CPU
		{C8651344-6B7F-46D1-9447-F2CFF96A4FAB}.Debug|Any CPU.ActiveCfg = Debug|Any CPU
		{C8651344-6B7F-46D1-9447-F2CFF96A4FAB}.Debug|Any CPU.Build.0 = Debug|Any CPU
		{C8651344-6B7F-46D1-9447-F2CFF96A4FAB}.Release|Any CPU.ActiveCfg = Release|Any CPU
		{C8651344-6B7F-46D1-9447-F2CFF96A4FAB}.Release|Any CPU.Build.0 = Release|Any CPU
		{44345C7E-A631-4FF2-8B9E-FA5B237A19BF}.Debug|Any CPU.ActiveCfg = Debug|Any CPU
		{44345C7E-A631-4FF2-8B9E-FA5B237A19BF}.Debug|Any CPU.Build.0 = Debug|Any CPU
		{44345C7E-A631-4FF2-8B9E-FA5B237A19BF}.Release|Any CPU.ActiveCfg = Release|Any CPU
		{44345C7E-A631-4FF2-8B9E-FA5B237A19BF}.Release|Any CPU.Build.0 = Release|Any CPU
		{0DBA04F9-D0D2-438E-8935-3AA118286A39}.Debug|Any CPU.ActiveCfg = Debug|Any CPU
		{0DBA04F9-D0D2-438E-8935-3AA118286A39}.Debug|Any CPU.Build.0 = Debug|Any CPU
		{0DBA04F9-D0D2-438E-8935-3AA118286A39}.Release|Any CPU.ActiveCfg = Release|Any CPU
		{0DBA04F9-D0D2-438E-8935-3AA118286A39}.Release|Any CPU.Build.0 = Release|Any CPU
		{DF2E3035-471D-4C2C-8761-44829474E275}.Debug|Any CPU.ActiveCfg = Debug|Any CPU
		{DF2E3035-471D-4C2C-8761-44829474E275}.Debug|Any CPU.Build.0 = Debug|Any CPU
		{DF2E3035-471D-4C2C-8761-44829474E275}.Release|Any CPU.ActiveCfg = Release|Any CPU
		{DF2E3035-471D-4C2C-8761-44829474E275}.Release|Any CPU.Build.0 = Release|Any CPU
		{C0840275-4476-46F5-A41B-A02B124B9526}.Debug|Any CPU.ActiveCfg = Debug|Any CPU
		{C0840275-4476-46F5-A41B-A02B124B9526}.Debug|Any CPU.Build.0 = Debug|Any CPU
		{C0840275-4476-46F5-A41B-A02B124B9526}.Release|Any CPU.ActiveCfg = Release|Any CPU
		{C0840275-4476-46F5-A41B-A02B124B9526}.Release|Any CPU.Build.0 = Release|Any CPU
	EndGlobalSection
	GlobalSection(SolutionProperties) = preSolution
		HideSolutionNode = FALSE
	EndGlobalSection
	GlobalSection(ExtensibilityGlobals) = postSolution
		SolutionGuid = {0EB9775B-1373-4251-B6C2-8C6039336842}
	EndGlobalSection
EndGlobal
